
Microsoft Visual Studio Solution File, Format Version 12.00
# Visual Studio Version 17
VisualStudioVersion = 17.3.32929.385
MinimumVisualStudioVersion = 10.0.40219.1
Project("{9A19103F-16F7-4668-BE54-9A1E7A4F7556}") = "AppwithAI1", "AppwithAI1\AppwithAI1.csproj", "{43364FF0-AF37-48DC-8D6D-60D9A9F363B8}"
EndProject
Project("{FAE04EC0-301F-11D3-BF4B-00C04F79EFBC}") = "Authentication2", "Authentication2\Authentication2.csproj", "{1EA6D4ED-FD57-458E-A983-C1011289EA21}"
EndProject
Global
	GlobalSection(SolutionConfigurationPlatforms) = preSolution
		Debug|Any CPU = Debug|Any CPU
		Release|Any CPU = Release|Any CPU
	EndGlobalSection
	GlobalSection(ProjectConfigurationPlatforms) = postSolution
		{43364FF0-AF37-48DC-8D6D-60D9A9F363B8}.Debug|Any CPU.ActiveCfg = Debug|Any CPU
		{43364FF0-AF37-48DC-8D6D-60D9A9F363B8}.Debug|Any CPU.Build.0 = Debug|Any CPU
		{43364FF0-AF37-48DC-8D6D-60D9A9F363B8}.Release|Any CPU.ActiveCfg = Release|Any CPU
		{43364FF0-AF37-48DC-8D6D-60D9A9F363B8}.Release|Any CPU.Build.0 = Release|Any CPU
		{1EA6D4ED-FD57-458E-A983-C1011289EA21}.Debug|Any CPU.ActiveCfg = Debug|Any CPU
		{1EA6D4ED-FD57-458E-A983-C1011289EA21}.Debug|Any CPU.Build.0 = Debug|Any CPU
		{1EA6D4ED-FD57-458E-A983-C1011289EA21}.Release|Any CPU.ActiveCfg = Release|Any CPU
		{1EA6D4ED-FD57-458E-A983-C1011289EA21}.Release|Any CPU.Build.0 = Release|Any CPU
	EndGlobalSection
	GlobalSection(SolutionProperties) = preSolution
		HideSolutionNode = FALSE
	EndGlobalSection
	GlobalSection(ExtensibilityGlobals) = postSolution
		SolutionGuid = {751BEBDE-FED2-43A2-AF16-A07515CC88C9}
	EndGlobalSection
EndGlobal
